
Microsoft Visual Studio Solution File, Format Version 12.00
# Visual Studio Version 16
VisualStudioVersion = 16.0.28803.352
MinimumVisualStudioVersion = 10.0.40219.1
Project("{FAE04EC0-301F-11D3-BF4B-00C04F79EFBC}") = "E31_DeterminarComienzoSELECT", "E31_DeterminarComienzoSELECT\E31_DeterminarComienzoSELECT.csproj", "{7F83D3FF-7D0D-4579-A23B-DD8367469754}"
EndProject
Global
	GlobalSection(SolutionConfigurationPlatforms) = preSolution
		Debug|Any CPU = Debug|Any CPU
		Release|Any CPU = Release|Any CPU
	EndGlobalSection
	GlobalSection(ProjectConfigurationPlatforms) = postSolution
		{7F83D3FF-7D0D-4579-A23B-DD8367469754}.Debug|Any CPU.ActiveCfg = Debug|Any CPU
		{7F83D3FF-7D0D-4579-A23B-DD8367469754}.Debug|Any CPU.Build.0 = Debug|Any CPU
		{7F83D3FF-7D0D-4579-A23B-DD8367469754}.Release|Any CPU.ActiveCfg = Release|Any CPU
		{7F83D3FF-7D0D-4579-A23B-DD8367469754}.Release|Any CPU.Build.0 = Release|Any CPU
	EndGlobalSection
	GlobalSection(SolutionProperties) = preSolution
		HideSolutionNode = FALSE
	EndGlobalSection
	GlobalSection(ExtensibilityGlobals) = postSolution
		SolutionGuid = {C4DA5AFE-D82D-4911-B8C2-0AB70A8637B6}
	EndGlobalSection
EndGlobal
